
Microsoft Visual Studio Solution File, Format Version 12.00
# Visual Studio 15
VisualStudioVersion = 15.0.28307.168
MinimumVisualStudioVersion = 10.0.40219.1
Project("{FAE04EC0-301F-11D3-BF4B-00C04F79EFBC}") = "BulkCsvImporter", "BulkCsvImporter\BulkCsvImporter.csproj", "{3FC2EF66-5133-4751-AE2B-8AC2FE157F10}"
EndProject
Project("{FAE04EC0-301F-11D3-BF4B-00C04F79EFBC}") = "BulkCsvImporter.Console", "BulkCsvImporter.Console\BulkCsvImporter.Console.csproj", "{AE672F3F-9175-4AFA-92C0-847E74217B76}"
EndProject
Project("{FAE04EC0-301F-11D3-BF4B-00C04F79EFBC}") = "BulkCsvImporter.Abstract", "BulkCsvImporter.Abstract\BulkCsvImporter.Abstract.csproj", "{6C8BF976-B65B-4155-BA63-81D94FA7D927}"
EndProject
Project("{FAE04EC0-301F-11D3-BF4B-00C04F79EFBC}") = "BulkCsvImporter.Model", "BulkCsvImporter.Model\BulkCsvImporter.Model.csproj", "{1D966456-19E8-42C0-AE5D-AA1C16CDDB2D}"
EndProject
Project("{FAE04EC0-301F-11D3-BF4B-00C04F79EFBC}") = "BulkCsvImporter.Constant", "BulkCsvImporter.Constant\BulkCsvImporter.Constant.csproj", "{5EE6DBBF-573C-47A2-9450-06C83EEA9CAE}"
EndProject
Global
	GlobalSection(SolutionConfigurationPlatforms) = preSolution
		Debug|Any CPU = Debug|Any CPU
		Release|Any CPU = Release|Any CPU
	EndGlobalSection
	GlobalSection(ProjectConfigurationPlatforms) = postSolution
		{3FC2EF66-5133-4751-AE2B-8AC2FE157F10}.Debug|Any CPU.ActiveCfg = Debug|Any CPU
		{3FC2EF66-5133-4751-AE2B-8AC2FE157F10}.Debug|Any CPU.Build.0 = Debug|Any CPU
		{3FC2EF66-5133-4751-AE2B-8AC2FE157F10}.Release|Any CPU.ActiveCfg = Release|Any CPU
		{3FC2EF66-5133-4751-AE2B-8AC2FE157F10}.Release|Any CPU.Build.0 = Release|Any CPU
		{AE672F3F-9175-4AFA-92C0-847E74217B76}.Debug|Any CPU.ActiveCfg = Debug|Any CPU
		{AE672F3F-9175-4AFA-92C0-847E74217B76}.Debug|Any CPU.Build.0 = Debug|Any CPU
		{AE672F3F-9175-4AFA-92C0-847E74217B76}.Release|Any CPU.ActiveCfg = Release|Any CPU
		{AE672F3F-9175-4AFA-92C0-847E74217B76}.Release|Any CPU.Build.0 = Release|Any CPU
		{6C8BF976-B65B-4155-BA63-81D94FA7D927}.Debug|Any CPU.ActiveCfg = Debug|Any CPU
		{6C8BF976-B65B-4155-BA63-81D94FA7D927}.Debug|Any CPU.Build.0 = Debug|Any CPU
		{6C8BF976-B65B-4155-BA63-81D94FA7D927}.Release|Any CPU.ActiveCfg = Release|Any CPU
		{6C8BF976-B65B-4155-BA63-81D94FA7D927}.Release|Any CPU.Build.0 = Release|Any CPU
		{1D966456-19E8-42C0-AE5D-AA1C16CDDB2D}.Debug|Any CPU.ActiveCfg = Debug|Any CPU
		{1D966456-19E8-42C0-AE5D-AA1C16CDDB2D}.Debug|Any CPU.Build.0 = Debug|Any CPU
		{1D966456-19E8-42C0-AE5D-AA1C16CDDB2D}.Release|Any CPU.ActiveCfg = Release|Any CPU
		{1D966456-19E8-42C0-AE5D-AA1C16CDDB2D}.Release|Any CPU.Build.0 = Release|Any CPU
		{5EE6DBBF-573C-47A2-9450-06C83EEA9CAE}.Debug|Any CPU.ActiveCfg = Debug|Any CPU
		{5EE6DBBF-573C-47A2-9450-06C83EEA9CAE}.Debug|Any CPU.Build.0 = Debug|Any CPU
		{5EE6DBBF-573C-47A2-9450-06C83EEA9CAE}.Release|Any CPU.ActiveCfg = Release|Any CPU
		{5EE6DBBF-573C-47A2-9450-06C83EEA9CAE}.Release|Any CPU.Build.0 = Release|Any CPU
	EndGlobalSection
	GlobalSection(SolutionProperties) = preSolution
		HideSolutionNode = FALSE
	EndGlobalSection
	GlobalSection(ExtensibilityGlobals) = postSolution
		SolutionGuid = {B1852552-58DE-4FCD-86FB-48DA89500A0A}
	EndGlobalSection
EndGlobal
